
Microsoft Visual Studio Solution File, Format Version 12.00
# Visual Studio 15
VisualStudioVersion = 15.0.26730.16
MinimumVisualStudioVersion = 10.0.40219.1
Project("{FAE04EC0-301F-11D3-BF4B-00C04F79EFBC}") = "WPF.MVVM", "WPF.MVVM\WPF.MVVM.csproj", "{9926D686-3514-4F80-B380-BD5444D57EAA}"
EndProject
Project("{FAE04EC0-301F-11D3-BF4B-00C04F79EFBC}") = "WPF.MVVM.Test", "WPF.MVVM.Test\WPF.MVVM.Test.csproj", "{CCDD1FFE-2E94-4686-A7C5-81E50A0FC4BC}"
EndProject
Global
	GlobalSection(SolutionConfigurationPlatforms) = preSolution
		Debug|Any CPU = Debug|Any CPU
		Release|Any CPU = Release|Any CPU
	EndGlobalSection
	GlobalSection(ProjectConfigurationPlatforms) = postSolution
		{9926D686-3514-4F80-B380-BD5444D57EAA}.Debug|Any CPU.ActiveCfg = Debug|Any CPU
		{9926D686-3514-4F80-B380-BD5444D57EAA}.Debug|Any CPU.Build.0 = Debug|Any CPU
		{9926D686-3514-4F80-B380-BD5444D57EAA}.Release|Any CPU.ActiveCfg = Release|Any CPU
		{9926D686-3514-4F80-B380-BD5444D57EAA}.Release|Any CPU.Build.0 = Release|Any CPU
		{CCDD1FFE-2E94-4686-A7C5-81E50A0FC4BC}.Debug|Any CPU.ActiveCfg = Debug|Any CPU
		{CCDD1FFE-2E94-4686-A7C5-81E50A0FC4BC}.Debug|Any CPU.Build.0 = Debug|Any CPU
		{CCDD1FFE-2E94-4686-A7C5-81E50A0FC4BC}.Release|Any CPU.ActiveCfg = Release|Any CPU
		{CCDD1FFE-2E94-4686-A7C5-81E50A0FC4BC}.Release|Any CPU.Build.0 = Release|Any CPU
	EndGlobalSection
	GlobalSection(SolutionProperties) = preSolution
		HideSolutionNode = FALSE
	EndGlobalSection
	GlobalSection(ExtensibilityGlobals) = postSolution
		SolutionGuid = {FD739A80-7F4A-4157-9F88-4B16446B4066}
	EndGlobalSection
EndGlobal
